// !$*UTF8*$!
{
	archiveVersion = 1;
	classes = {
	};
	objectVersion = 56;
	objects = {

/* Begin PBXBuildFile section */
		8680EF5B2AF9BB1500173531 /* PastryApp.swift in Sources */ = {isa = PBXBuildFile; fileRef = 8680EF5A2AF9BB1500173531 /* PastryApp.swift */; };
		8680EF5D2AF9BB1500173531 /* DessertsView.swift in Sources */ = {isa = PBXBuildFile; fileRef = 8680EF5C2AF9BB1500173531 /* DessertsView.swift */; };
		8680EF5F2AF9BB1600173531 /* Assets.xcassets in Resources */ = {isa = PBXBuildFile; fileRef = 8680EF5E2AF9BB1600173531 /* Assets.xcassets */; };
		8680EF622AF9BB1600173531 /* Preview Assets.xcassets in Resources */ = {isa = PBXBuildFile; fileRef = 8680EF612AF9BB1600173531 /* Preview Assets.xcassets */; };
		8680EF6A2AF9BBDF00173531 /* Dessert.swift in Sources */ = {isa = PBXBuildFile; fileRef = 8680EF692AF9BBDF00173531 /* Dessert.swift */; };
		8680EF6D2AF9BCEF00173531 /* NetworkClient.swift in Sources */ = {isa = PBXBuildFile; fileRef = 8680EF6C2AF9BCEF00173531 /* NetworkClient.swift */; };
		8680EF6F2AF9BD9100173531 /* DessertDetails.swift in Sources */ = {isa = PBXBuildFile; fileRef = 8680EF6E2AF9BD9100173531 /* DessertDetails.swift */; };
		8680EF722AF9BDCD00173531 /* DessertListResponse.json in Resources */ = {isa = PBXBuildFile; fileRef = 8680EF712AF9BDCD00173531 /* DessertListResponse.json */; };
		8680EF742AF9BDE900173531 /* DessertDetailsResponse.json in Resources */ = {isa = PBXBuildFile; fileRef = 8680EF732AF9BDE900173531 /* DessertDetailsResponse.json */; };
		8680EF772AF9BE4300173531 /* JSONLoader.swift in Sources */ = {isa = PBXBuildFile; fileRef = 8680EF762AF9BE4300173531 /* JSONLoader.swift */; };
		8680EF792AF9BE6800173531 /* JSONFile.swift in Sources */ = {isa = PBXBuildFile; fileRef = 8680EF782AF9BE6800173531 /* JSONFile.swift */; };
		8680EF7B2AF9BF9000173531 /* NetworkRequestable.swift in Sources */ = {isa = PBXBuildFile; fileRef = 8680EF7A2AF9BF9000173531 /* NetworkRequestable.swift */; };
		8680EF7E2AF9C80400173531 /* NetworkClientMock.swift in Sources */ = {isa = PBXBuildFile; fileRef = 8680EF7D2AF9C80400173531 /* NetworkClientMock.swift */; };
		8680EF812AF9C84F00173531 /* GetDessertListNetworkRequest.swift in Sources */ = {isa = PBXBuildFile; fileRef = 8680EF802AF9C84F00173531 /* GetDessertListNetworkRequest.swift */; };
		8680EF832AF9C87400173531 /* GetDessertDetailsNetworkRequest.swift in Sources */ = {isa = PBXBuildFile; fileRef = 8680EF822AF9C87400173531 /* GetDessertDetailsNetworkRequest.swift */; };
		8680EF852AF9C8CC00173531 /* Ingredient.swift in Sources */ = {isa = PBXBuildFile; fileRef = 8680EF842AF9C8CC00173531 /* Ingredient.swift */; };
		8680EF942AF9CAC900173531 /* JSONLoaderTests.swift in Sources */ = {isa = PBXBuildFile; fileRef = 8680EF932AF9CAC900173531 /* JSONLoaderTests.swift */; };
		8680EF962AF9CB0500173531 /* GetDessertListRequestTests.swift in Sources */ = {isa = PBXBuildFile; fileRef = 8680EF952AF9CB0500173531 /* GetDessertListRequestTests.swift */; };
		8680EF982AF9CB2400173531 /* GetDessertDetailsRequestTests.swift in Sources */ = {isa = PBXBuildFile; fileRef = 8680EF972AF9CB2400173531 /* GetDessertDetailsRequestTests.swift */; };
		8680EF9B2AF9D0E500173531 /* DessertImageTitleView.swift in Sources */ = {isa = PBXBuildFile; fileRef = 8680EF9A2AF9D0E500173531 /* DessertImageTitleView.swift */; };
		8680EF9D2AF9D1A700173531 /* DessertPreviewData.swift in Sources */ = {isa = PBXBuildFile; fileRef = 8680EF9C2AF9D1A700173531 /* DessertPreviewData.swift */; };
		8680EF9F2AF9D37500173531 /* brownies.jpg in Resources */ = {isa = PBXBuildFile; fileRef = 8680EF9E2AF9D37500173531 /* brownies.jpg */; };
		8680EFA12AF9D37A00173531 /* pie.jpg in Resources */ = {isa = PBXBuildFile; fileRef = 8680EFA02AF9D37A00173531 /* pie.jpg */; };
		8680EFA32AF9D37E00173531 /* creme-brulee.jpg in Resources */ = {isa = PBXBuildFile; fileRef = 8680EFA22AF9D37E00173531 /* creme-brulee.jpg */; };
		8680EFA52AF9D38300173531 /* cake.jpg in Resources */ = {isa = PBXBuildFile; fileRef = 8680EFA42AF9D38300173531 /* cake.jpg */; };
		8680EFA72AF9D52200173531 /* DessertsGridView.swift in Sources */ = {isa = PBXBuildFile; fileRef = 8680EFA62AF9D52200173531 /* DessertsGridView.swift */; };
		8680EFAA2AF9D59400173531 /* DessertsViewModel.swift in Sources */ = {isa = PBXBuildFile; fileRef = 8680EFA92AF9D59400173531 /* DessertsViewModel.swift */; };
		8680EFAE2AF9D71000173531 /* ErrorRetryView.swift in Sources */ = {isa = PBXBuildFile; fileRef = 8680EFAD2AF9D71000173531 /* ErrorRetryView.swift */; };
		8680EFB02AF9D74200173531 /* ViewModelState.swift in Sources */ = {isa = PBXBuildFile; fileRef = 8680EFAF2AF9D74200173531 /* ViewModelState.swift */; };
		8680EFB22AF9D7D000173531 /* DessertsViewModelMock.swift in Sources */ = {isa = PBXBuildFile; fileRef = 8680EFB12AF9D7D000173531 /* DessertsViewModelMock.swift */; };
		8680EFB52AFA73B900173531 /* DessertDetailsView.swift in Sources */ = {isa = PBXBuildFile; fileRef = 8680EFB42AFA73B900173531 /* DessertDetailsView.swift */; };
		8680EFB72AFA740200173531 /* DessertDetailsViewModel.swift in Sources */ = {isa = PBXBuildFile; fileRef = 8680EFB62AFA740200173531 /* DessertDetailsViewModel.swift */; };
		8680EFBA2AFA745800173531 /* SectionHeader.swift in Sources */ = {isa = PBXBuildFile; fileRef = 8680EFB92AFA745800173531 /* SectionHeader.swift */; };
		8680EFBC2AFA748600173531 /* DetailsContentView.swift in Sources */ = {isa = PBXBuildFile; fileRef = 8680EFBB2AFA748600173531 /* DetailsContentView.swift */; };
		8680EFBE2AFA74D600173531 /* DessertDetailsViewModelMock.swift in Sources */ = {isa = PBXBuildFile; fileRef = 8680EFBD2AFA74D600173531 /* DessertDetailsViewModelMock.swift */; };
		8680EFC02AFA7AEA00173531 /* DessertAsyncImageView.swift in Sources */ = {isa = PBXBuildFile; fileRef = 8680EFBF2AFA7AEA00173531 /* DessertAsyncImageView.swift */; };
		8680EFC32AFA7F9300173531 /* PlaceholderImage.swift in Sources */ = {isa = PBXBuildFile; fileRef = 8680EFC22AFA7F9300173531 /* PlaceholderImage.swift */; };
/* End PBXBuildFile section */

/* Begin PBXContainerItemProxy section */
		8680EF8E2AF9CAAF00173531 /* PBXContainerItemProxy */ = {
			isa = PBXContainerItemProxy;
			containerPortal = 8680EF4F2AF9BB1500173531 /* Project object */;
			proxyType = 1;
			remoteGlobalIDString = 8680EF562AF9BB1500173531;
			remoteInfo = Pastry;
		};
/* End PBXContainerItemProxy section */

/* Begin PBXFileReference section */
		8680EF572AF9BB1500173531 /* Pastry.app */ = {isa = PBXFileReference; explicitFileType = wrapper.application; includeInIndex = 0; path = Pastry.app; sourceTree = BUILT_PRODUCTS_DIR; };
		8680EF5A2AF9BB1500173531 /* PastryApp.swift */ = {isa = PBXFileReference; lastKnownFileType = sourcecode.swift; path = PastryApp.swift; sourceTree = "<group>"; };
		8680EF5C2AF9BB1500173531 /* DessertsView.swift */ = {isa = PBXFileReference; lastKnownFileType = sourcecode.swift; path = DessertsView.swift; sourceTree = "<group>"; };
		8680EF5E2AF9BB1600173531 /* Assets.xcassets */ = {isa = PBXFileReference; lastKnownFileType = folder.assetcatalog; path = Assets.xcassets; sourceTree = "<group>"; };
		8680EF612AF9BB1600173531 /* Preview Assets.xcassets */ = {isa = PBXFileReference; lastKnownFileType = folder.assetcatalog; path = "Preview Assets.xcassets"; sourceTree = "<group>"; };
		8680EF692AF9BBDF00173531 /* Dessert.swift */ = {isa = PBXFileReference; lastKnownFileType = sourcecode.swift; path = Dessert.swift; sourceTree = "<group>"; };
		8680EF6C2AF9BCEF00173531 /* NetworkClient.swift */ = {isa = PBXFileReference; lastKnownFileType = sourcecode.swift; path = NetworkClient.swift; sourceTree = "<group>"; };
		8680EF6E2AF9BD9100173531 /* DessertDetails.swift */ = {isa = PBXFileReference; lastKnownFileType = sourcecode.swift; path = DessertDetails.swift; sourceTree = "<group>"; };
		8680EF712AF9BDCD00173531 /* DessertListResponse.json */ = {isa = PBXFileReference; lastKnownFileType = text.json; path = DessertListResponse.json; sourceTree = "<group>"; };
		8680EF732AF9BDE900173531 /* DessertDetailsResponse.json */ = {isa = PBXFileReference; lastKnownFileType = text.json; path = DessertDetailsResponse.json; sourceTree = "<group>"; };
		8680EF762AF9BE4300173531 /* JSONLoader.swift */ = {isa = PBXFileReference; lastKnownFileType = sourcecode.swift; path = JSONLoader.swift; sourceTree = "<group>"; };
		8680EF782AF9BE6800173531 /* JSONFile.swift */ = {isa = PBXFileReference; lastKnownFileType = sourcecode.swift; path = JSONFile.swift; sourceTree = "<group>"; };
		8680EF7A2AF9BF9000173531 /* NetworkRequestable.swift */ = {isa = PBXFileReference; lastKnownFileType = sourcecode.swift; path = NetworkRequestable.swift; sourceTree = "<group>"; };
		8680EF7D2AF9C80400173531 /* NetworkClientMock.swift */ = {isa = PBXFileReference; lastKnownFileType = sourcecode.swift; path = NetworkClientMock.swift; sourceTree = "<group>"; };
		8680EF802AF9C84F00173531 /* GetDessertListNetworkRequest.swift */ = {isa = PBXFileReference; lastKnownFileType = sourcecode.swift; path = GetDessertListNetworkRequest.swift; sourceTree = "<group>"; };
		8680EF822AF9C87400173531 /* GetDessertDetailsNetworkRequest.swift */ = {isa = PBXFileReference; lastKnownFileType = sourcecode.swift; path = GetDessertDetailsNetworkRequest.swift; sourceTree = "<group>"; };
		8680EF842AF9C8CC00173531 /* Ingredient.swift */ = {isa = PBXFileReference; lastKnownFileType = sourcecode.swift; path = Ingredient.swift; sourceTree = "<group>"; };
		8680EF8A2AF9CAAF00173531 /* PastryTests.xctest */ = {isa = PBXFileReference; explicitFileType = wrapper.cfbundle; includeInIndex = 0; path = PastryTests.xctest; sourceTree = BUILT_PRODUCTS_DIR; };
		8680EF932AF9CAC900173531 /* JSONLoaderTests.swift */ = {isa = PBXFileReference; lastKnownFileType = sourcecode.swift; path = JSONLoaderTests.swift; sourceTree = "<group>"; };
		8680EF952AF9CB0500173531 /* GetDessertListRequestTests.swift */ = {isa = PBXFileReference; lastKnownFileType = sourcecode.swift; path = GetDessertListRequestTests.swift; sourceTree = "<group>"; };
		8680EF972AF9CB2400173531 /* GetDessertDetailsRequestTests.swift */ = {isa = PBXFileReference; lastKnownFileType = sourcecode.swift; path = GetDessertDetailsRequestTests.swift; sourceTree = "<group>"; };
		8680EF9A2AF9D0E500173531 /* DessertImageTitleView.swift */ = {isa = PBXFileReference; lastKnownFileType = sourcecode.swift; path = DessertImageTitleView.swift; sourceTree = "<group>"; };
		8680EF9C2AF9D1A700173531 /* DessertPreviewData.swift */ = {isa = PBXFileReference; lastKnownFileType = sourcecode.swift; path = DessertPreviewData.swift; sourceTree = "<group>"; };
		8680EF9E2AF9D37500173531 /* brownies.jpg */ = {isa = PBXFileReference; lastKnownFileType = image.jpeg; path = brownies.jpg; sourceTree = "<group>"; };
		8680EFA02AF9D37A00173531 /* pie.jpg */ = {isa = PBXFileReference; lastKnownFileType = image.jpeg; path = pie.jpg; sourceTree = "<group>"; };
		8680EFA22AF9D37E00173531 /* creme-brulee.jpg */ = {isa = PBXFileReference; lastKnownFileType = image.jpeg; path = "creme-brulee.jpg"; sourceTree = "<group>"; };
		8680EFA42AF9D38300173531 /* cake.jpg */ = {isa = PBXFileReference; lastKnownFileType = image.jpeg; path = cake.jpg; sourceTree = "<group>"; };
		8680EFA62AF9D52200173531 /* DessertsGridView.swift */ = {isa = PBXFileReference; lastKnownFileType = sourcecode.swift; path = DessertsGridView.swift; sourceTree = "<group>"; };
		8680EFA92AF9D59400173531 /* DessertsViewModel.swift */ = {isa = PBXFileReference; lastKnownFileType = sourcecode.swift; path = DessertsViewModel.swift; sourceTree = "<group>"; };
		8680EFAD2AF9D71000173531 /* ErrorRetryView.swift */ = {isa = PBXFileReference; lastKnownFileType = sourcecode.swift; path = ErrorRetryView.swift; sourceTree = "<group>"; };
		8680EFAF2AF9D74200173531 /* ViewModelState.swift */ = {isa = PBXFileReference; lastKnownFileType = sourcecode.swift; path = ViewModelState.swift; sourceTree = "<group>"; };
		8680EFB12AF9D7D000173531 /* DessertsViewModelMock.swift */ = {isa = PBXFileReference; lastKnownFileType = sourcecode.swift; path = DessertsViewModelMock.swift; sourceTree = "<group>"; };
		8680EFB42AFA73B900173531 /* DessertDetailsView.swift */ = {isa = PBXFileReference; lastKnownFileType = sourcecode.swift; path = DessertDetailsView.swift; sourceTree = "<group>"; };
		8680EFB62AFA740200173531 /* DessertDetailsViewModel.swift */ = {isa = PBXFileReference; lastKnownFileType = sourcecode.swift; path = DessertDetailsViewModel.swift; sourceTree = "<group>"; };
		8680EFB92AFA745800173531 /* SectionHeader.swift */ = {isa = PBXFileReference; lastKnownFileType = sourcecode.swift; path = SectionHeader.swift; sourceTree = "<group>"; };
		8680EFBB2AFA748600173531 /* DetailsContentView.swift */ = {isa = PBXFileReference; lastKnownFileType = sourcecode.swift; path = DetailsContentView.swift; sourceTree = "<group>"; };
		8680EFBD2AFA74D600173531 /* DessertDetailsViewModelMock.swift */ = {isa = PBXFileReference; lastKnownFileType = sourcecode.swift; path = DessertDetailsViewModelMock.swift; sourceTree = "<group>"; };
		8680EFBF2AFA7AEA00173531 /* DessertAsyncImageView.swift */ = {isa = PBXFileReference; lastKnownFileType = sourcecode.swift; path = DessertAsyncImageView.swift; sourceTree = "<group>"; };
		8680EFC22AFA7F9300173531 /* PlaceholderImage.swift */ = {isa = PBXFileReference; lastKnownFileType = sourcecode.swift; path = PlaceholderImage.swift; sourceTree = "<group>"; };
/* End PBXFileReference section */

/* Begin PBXFrameworksBuildPhase section */
		8680EF542AF9BB1500173531 /* Frameworks */ = {
			isa = PBXFrameworksBuildPhase;
			buildActionMask = 2147483647;
			files = (
			);
			runOnlyForDeploymentPostprocessing = 0;
		};
		8680EF872AF9CAAF00173531 /* Frameworks */ = {
			isa = PBXFrameworksBuildPhase;
			buildActionMask = 2147483647;
			files = (
			);
			runOnlyForDeploymentPostprocessing = 0;
		};
/* End PBXFrameworksBuildPhase section */

/* Begin PBXGroup section */
		8680EF4E2AF9BB1500173531 = {
			isa = PBXGroup;
			children = (
				8680EF592AF9BB1500173531 /* Pastry */,
				8680EF8B2AF9CAAF00173531 /* PastryTests */,
				8680EF582AF9BB1500173531 /* Products */,
			);
			sourceTree = "<group>";
		};
		8680EF582AF9BB1500173531 /* Products */ = {
			isa = PBXGroup;
			children = (
				8680EF572AF9BB1500173531 /* Pastry.app */,
				8680EF8A2AF9CAAF00173531 /* PastryTests.xctest */,
			);
			name = Products;
			sourceTree = "<group>";
		};
		8680EF592AF9BB1500173531 /* Pastry */ = {
			isa = PBXGroup;
			children = (
				8680EFB32AFA739B00173531 /* DessertDetails */,
				8680EF992AF9D0C500173531 /* DessertsView */,
				8680EF752AF9BE3100173531 /* Helpers */,
				8680EF682AF9BBB800173531 /* Models */,
				8680EF6B2AF9BCDD00173531 /* NetworkClient */,
				8680EF702AF9BDB600173531 /* Resources */,
				8680EFC12AFA7DCB00173531 /* SharedViews */,
				8680EF5A2AF9BB1500173531 /* PastryApp.swift */,
				8680EF5E2AF9BB1600173531 /* Assets.xcassets */,
				8680EF602AF9BB1600173531 /* Preview Content */,
			);
			path = Pastry;
			sourceTree = "<group>";
		};
		8680EF602AF9BB1600173531 /* Preview Content */ = {
			isa = PBXGroup;
			children = (
				8680EF612AF9BB1600173531 /* Preview Assets.xcassets */,
				8680EF9C2AF9D1A700173531 /* DessertPreviewData.swift */,
			);
			path = "Preview Content";
			sourceTree = "<group>";
		};
		8680EF682AF9BBB800173531 /* Models */ = {
			isa = PBXGroup;
			children = (
				8680EF692AF9BBDF00173531 /* Dessert.swift */,
				8680EF6E2AF9BD9100173531 /* DessertDetails.swift */,
				8680EF842AF9C8CC00173531 /* Ingredient.swift */,
				8680EFAF2AF9D74200173531 /* ViewModelState.swift */,
			);
			path = Models;
			sourceTree = "<group>";
		};
		8680EF6B2AF9BCDD00173531 /* NetworkClient */ = {
			isa = PBXGroup;
			children = (
				8680EF7F2AF9C82600173531 /* Requests */,
				8680EF6C2AF9BCEF00173531 /* NetworkClient.swift */,
				8680EF7A2AF9BF9000173531 /* NetworkRequestable.swift */,
			);
			path = NetworkClient;
			sourceTree = "<group>";
		};
		8680EF702AF9BDB600173531 /* Resources */ = {
			isa = PBXGroup;
			children = (
				8680EFA22AF9D37E00173531 /* creme-brulee.jpg */,
				8680EF9E2AF9D37500173531 /* brownies.jpg */,
				8680EFA42AF9D38300173531 /* cake.jpg */,
				8680EFA02AF9D37A00173531 /* pie.jpg */,
				8680EF712AF9BDCD00173531 /* DessertListResponse.json */,
				8680EF732AF9BDE900173531 /* DessertDetailsResponse.json */,
			);
			path = Resources;
			sourceTree = "<group>";
		};
		8680EF752AF9BE3100173531 /* Helpers */ = {
			isa = PBXGroup;
			children = (
				8680EF7C2AF9C7E100173531 /* Mocks */,
				8680EF762AF9BE4300173531 /* JSONLoader.swift */,
				8680EF782AF9BE6800173531 /* JSONFile.swift */,
			);
			path = Helpers;
			sourceTree = "<group>";
		};
		8680EF7C2AF9C7E100173531 /* Mocks */ = {
			isa = PBXGroup;
			children = (
				8680EF7D2AF9C80400173531 /* NetworkClientMock.swift */,
				8680EFB12AF9D7D000173531 /* DessertsViewModelMock.swift */,
				8680EFBD2AFA74D600173531 /* DessertDetailsViewModelMock.swift */,
			);
			path = Mocks;
			sourceTree = "<group>";
		};
		8680EF7F2AF9C82600173531 /* Requests */ = {
			isa = PBXGroup;
			children = (
				8680EF802AF9C84F00173531 /* GetDessertListNetworkRequest.swift */,
				8680EF822AF9C87400173531 /* GetDessertDetailsNetworkRequest.swift */,
			);
			path = Requests;
			sourceTree = "<group>";
		};
		8680EF8B2AF9CAAF00173531 /* PastryTests */ = {
			isa = PBXGroup;
			children = (
				8680EF932AF9CAC900173531 /* JSONLoaderTests.swift */,
				8680EF952AF9CB0500173531 /* GetDessertListRequestTests.swift */,
				8680EF972AF9CB2400173531 /* GetDessertDetailsRequestTests.swift */,
			);
			path = PastryTests;
			sourceTree = "<group>";
		};
		8680EF992AF9D0C500173531 /* DessertsView */ = {
			isa = PBXGroup;
			children = (
				8680EF5C2AF9BB1500173531 /* DessertsView.swift */,
				8680EFA92AF9D59400173531 /* DessertsViewModel.swift */,
				8680EFA82AF9D54E00173531 /* Views */,
			);
			path = DessertsView;
			sourceTree = "<group>";
		};
		8680EFA82AF9D54E00173531 /* Views */ = {
			isa = PBXGroup;
			children = (
				8680EF9A2AF9D0E500173531 /* DessertImageTitleView.swift */,
				8680EFA62AF9D52200173531 /* DessertsGridView.swift */,
			);
			path = Views;
			sourceTree = "<group>";
		};
		8680EFB32AFA739B00173531 /* DessertDetails */ = {
			isa = PBXGroup;
			children = (
				8680EFB42AFA73B900173531 /* DessertDetailsView.swift */,
				8680EFB62AFA740200173531 /* DessertDetailsViewModel.swift */,
				8680EFB82AFA741900173531 /* Views */,
			);
			path = DessertDetails;
			sourceTree = "<group>";
		};
		8680EFB82AFA741900173531 /* Views */ = {
			isa = PBXGroup;
			children = (
				8680EFB92AFA745800173531 /* SectionHeader.swift */,
				8680EFBB2AFA748600173531 /* DetailsContentView.swift */,
			);
			path = Views;
			sourceTree = "<group>";
		};
		8680EFC12AFA7DCB00173531 /* SharedViews */ = {
			isa = PBXGroup;
			children = (
				8680EFAD2AF9D71000173531 /* ErrorRetryView.swift */,
				8680EFBF2AFA7AEA00173531 /* DessertAsyncImageView.swift */,
				8680EFC22AFA7F9300173531 /* PlaceholderImage.swift */,
			);
			path = SharedViews;
			sourceTree = "<group>";
		};
/* End PBXGroup section */

/* Begin PBXNativeTarget section */
		8680EF562AF9BB1500173531 /* Pastry */ = {
			isa = PBXNativeTarget;
			buildConfigurationList = 8680EF652AF9BB1600173531 /* Build configuration list for PBXNativeTarget "Pastry" */;
			buildPhases = (
				8680EF532AF9BB1500173531 /* Sources */,
				8680EF542AF9BB1500173531 /* Frameworks */,
				8680EF552AF9BB1500173531 /* Resources */,
			);
			buildRules = (
			);
			dependencies = (
			);
			name = Pastry;
			productName = Pastry;
			productReference = 8680EF572AF9BB1500173531 /* Pastry.app */;
			productType = "com.apple.product-type.application";
		};
		8680EF892AF9CAAF00173531 /* PastryTests */ = {
			isa = PBXNativeTarget;
			buildConfigurationList = 8680EF902AF9CAAF00173531 /* Build configuration list for PBXNativeTarget "PastryTests" */;
			buildPhases = (
				8680EF862AF9CAAF00173531 /* Sources */,
				8680EF872AF9CAAF00173531 /* Frameworks */,
				8680EF882AF9CAAF00173531 /* Resources */,
			);
			buildRules = (
			);
			dependencies = (
				8680EF8F2AF9CAAF00173531 /* PBXTargetDependency */,
			);
			name = PastryTests;
			productName = PastryTests;
			productReference = 8680EF8A2AF9CAAF00173531 /* PastryTests.xctest */;
			productType = "com.apple.product-type.bundle.unit-test";
		};
/* End PBXNativeTarget section */

/* Begin PBXProject section */
		8680EF4F2AF9BB1500173531 /* Project object */ = {
			isa = PBXProject;
			attributes = {
				BuildIndependentTargetsInParallel = 1;
				LastSwiftUpdateCheck = 1500;
				LastUpgradeCheck = 1500;
				TargetAttributes = {
					8680EF562AF9BB1500173531 = {
						CreatedOnToolsVersion = 15.0.1;
					};
					8680EF892AF9CAAF00173531 = {
						CreatedOnToolsVersion = 15.0.1;
						TestTargetID = 8680EF562AF9BB1500173531;
					};
				};
			};
			buildConfigurationList = 8680EF522AF9BB1500173531 /* Build configuration list for PBXProject "Pastry" */;
			compatibilityVersion = "Xcode 14.0";
			developmentRegion = en;
			hasScannedForEncodings = 0;
			knownRegions = (
				en,
				Base,
			);
			mainGroup = 8680EF4E2AF9BB1500173531;
			productRefGroup = 8680EF582AF9BB1500173531 /* Products */;
			projectDirPath = "";
			projectRoot = "";
			targets = (
				8680EF562AF9BB1500173531 /* Pastry */,
				8680EF892AF9CAAF00173531 /* PastryTests */,
			);
		};
/* End PBXProject section */

/* Begin PBXResourcesBuildPhase section */
		8680EF552AF9BB1500173531 /* Resources */ = {
			isa = PBXResourcesBuildPhase;
			buildActionMask = 2147483647;
			files = (
				8680EFA12AF9D37A00173531 /* pie.jpg in Resources */,
				8680EF622AF9BB1600173531 /* Preview Assets.xcassets in Resources */,
				8680EFA32AF9D37E00173531 /* creme-brulee.jpg in Resources */,
				8680EFA52AF9D38300173531 /* cake.jpg in Resources */,
				8680EF722AF9BDCD00173531 /* DessertListResponse.json in Resources */,
				8680EF742AF9BDE900173531 /* DessertDetailsResponse.json in Resources */,
				8680EF5F2AF9BB1600173531 /* Assets.xcassets in Resources */,
				8680EF9F2AF9D37500173531 /* brownies.jpg in Resources */,
			);
			runOnlyForDeploymentPostprocessing = 0;
		};
		8680EF882AF9CAAF00173531 /* Resources */ = {
			isa = PBXResourcesBuildPhase;
			buildActionMask = 2147483647;
			files = (
			);
			runOnlyForDeploymentPostprocessing = 0;
		};
/* End PBXResourcesBuildPhase section */

/* Begin PBXSourcesBuildPhase section */
		8680EF532AF9BB1500173531 /* Sources */ = {
			isa = PBXSourcesBuildPhase;
			buildActionMask = 2147483647;
			files = (
				8680EF7E2AF9C80400173531 /* NetworkClientMock.swift in Sources */,
				8680EFA72AF9D52200173531 /* DessertsGridView.swift in Sources */,
				8680EFB52AFA73B900173531 /* DessertDetailsView.swift in Sources */,
				8680EF5D2AF9BB1500173531 /* DessertsView.swift in Sources */,
				8680EF812AF9C84F00173531 /* GetDessertListNetworkRequest.swift in Sources */,
				8680EFC02AFA7AEA00173531 /* DessertAsyncImageView.swift in Sources */,
				8680EF9B2AF9D0E500173531 /* DessertImageTitleView.swift in Sources */,
				8680EF6F2AF9BD9100173531 /* DessertDetails.swift in Sources */,
				8680EF7B2AF9BF9000173531 /* NetworkRequestable.swift in Sources */,
				8680EFBA2AFA745800173531 /* SectionHeader.swift in Sources */,
				8680EF772AF9BE4300173531 /* JSONLoader.swift in Sources */,
				8680EFC32AFA7F9300173531 /* PlaceholderImage.swift in Sources */,
				8680EFB02AF9D74200173531 /* ViewModelState.swift in Sources */,
				8680EF792AF9BE6800173531 /* JSONFile.swift in Sources */,
				8680EFB72AFA740200173531 /* DessertDetailsViewModel.swift in Sources */,
				8680EFB22AF9D7D000173531 /* DessertsViewModelMock.swift in Sources */,
				8680EF6A2AF9BBDF00173531 /* Dessert.swift in Sources */,
				8680EFBC2AFA748600173531 /* DetailsContentView.swift in Sources */,
				8680EFAE2AF9D71000173531 /* ErrorRetryView.swift in Sources */,
				8680EF9D2AF9D1A700173531 /* DessertPreviewData.swift in Sources */,
				8680EFAA2AF9D59400173531 /* DessertsViewModel.swift in Sources */,
				8680EF852AF9C8CC00173531 /* Ingredient.swift in Sources */,
				8680EF5B2AF9BB1500173531 /* PastryApp.swift in Sources */,
				8680EF832AF9C87400173531 /* GetDessertDetailsNetworkRequest.swift in Sources */,
				8680EFBE2AFA74D600173531 /* DessertDetailsViewModelMock.swift in Sources */,
				8680EF6D2AF9BCEF00173531 /* NetworkClient.swift in Sources */,
			);
			runOnlyForDeploymentPostprocessing = 0;
		};
		8680EF862AF9CAAF00173531 /* Sources */ = {
			isa = PBXSourcesBuildPhase;
			buildActionMask = 2147483647;
			files = (
				8680EF962AF9CB0500173531 /* GetDessertListRequestTests.swift in Sources */,
				8680EF942AF9CAC900173531 /* JSONLoaderTests.swift in Sources */,
				8680EF982AF9CB2400173531 /* GetDessertDetailsRequestTests.swift in Sources */,
			);
			runOnlyForDeploymentPostprocessing = 0;
		};
/* End PBXSourcesBuildPhase section */

/* Begin PBXTargetDependency section */
		8680EF8F2AF9CAAF00173531 /* PBXTargetDependency */ = {
			isa = PBXTargetDependency;
			target = 8680EF562AF9BB1500173531 /* Pastry */;
			targetProxy = 8680EF8E2AF9CAAF00173531 /* PBXContainerItemProxy */;
		};
/* End PBXTargetDependency section */

/* Begin XCBuildConfiguration section */
		8680EF632AF9BB1600173531 /* Debug */ = {
			isa = XCBuildConfiguration;
			buildSettings = {
				ALWAYS_SEARCH_USER_PATHS = NO;
				ASSETCATALOG_COMPILER_GENERATE_SWIFT_ASSET_SYMBOL_EXTENSIONS = YES;
				CLANG_ANALYZER_NONNULL = YES;
				CLANG_ANALYZER_NUMBER_OBJECT_CONVERSION = YES_AGGRESSIVE;
				CLANG_CXX_LANGUAGE_STANDARD = "gnu++20";
				CLANG_ENABLE_MODULES = YES;
				CLANG_ENABLE_OBJC_ARC = YES;
				CLANG_ENABLE_OBJC_WEAK = YES;
				CLANG_WARN_BLOCK_CAPTURE_AUTORELEASING = YES;
				CLANG_WARN_BOOL_CONVERSION = YES;
				CLANG_WARN_COMMA = YES;
				CLANG_WARN_CONSTANT_CONVERSION = YES;
				CLANG_WARN_DEPRECATED_OBJC_IMPLEMENTATIONS = YES;
				CLANG_WARN_DIRECT_OBJC_ISA_USAGE = YES_ERROR;
				CLANG_WARN_DOCUMENTATION_COMMENTS = YES;
				CLANG_WARN_EMPTY_BODY = YES;
				CLANG_WARN_ENUM_CONVERSION = YES;
				CLANG_WARN_INFINITE_RECURSION = YES;
				CLANG_WARN_INT_CONVERSION = YES;
				CLANG_WARN_NON_LITERAL_NULL_CONVERSION = YES;
				CLANG_WARN_OBJC_IMPLICIT_RETAIN_SELF = YES;
				CLANG_WARN_OBJC_LITERAL_CONVERSION = YES;
				CLANG_WARN_OBJC_ROOT_CLASS = YES_ERROR;
				CLANG_WARN_QUOTED_INCLUDE_IN_FRAMEWORK_HEADER = YES;
				CLANG_WARN_RANGE_LOOP_ANALYSIS = YES;
				CLANG_WARN_STRICT_PROTOTYPES = YES;
				CLANG_WARN_SUSPICIOUS_MOVE = YES;
				CLANG_WARN_UNGUARDED_AVAILABILITY = YES_AGGRESSIVE;
				CLANG_WARN_UNREACHABLE_CODE = YES;
				CLANG_WARN__DUPLICATE_METHOD_MATCH = YES;
				COPY_PHASE_STRIP = NO;
				DEBUG_INFORMATION_FORMAT = dwarf;
				ENABLE_STRICT_OBJC_MSGSEND = YES;
				ENABLE_TESTABILITY = YES;
				ENABLE_USER_SCRIPT_SANDBOXING = YES;
				GCC_C_LANGUAGE_STANDARD = gnu17;
				GCC_DYNAMIC_NO_PIC = NO;
				GCC_NO_COMMON_BLOCKS = YES;
				GCC_OPTIMIZATION_LEVEL = 0;
				GCC_PREPROCESSOR_DEFINITIONS = (
					"DEBUG=1",
					"$(inherited)",
				);
				GCC_WARN_64_TO_32_BIT_CONVERSION = YES;
				GCC_WARN_ABOUT_RETURN_TYPE = YES_ERROR;
				GCC_WARN_UNDECLARED_SELECTOR = YES;
				GCC_WARN_UNINITIALIZED_AUTOS = YES_AGGRESSIVE;
				GCC_WARN_UNUSED_FUNCTION = YES;
				GCC_WARN_UNUSED_VARIABLE = YES;
				IPHONEOS_DEPLOYMENT_TARGET = 17.0;
				LOCALIZATION_PREFERS_STRING_CATALOGS = YES;
				MTL_ENABLE_DEBUG_INFO = INCLUDE_SOURCE;
				MTL_FAST_MATH = YES;
				ONLY_ACTIVE_ARCH = YES;
				SDKROOT = iphoneos;
				SWIFT_ACTIVE_COMPILATION_CONDITIONS = "DEBUG $(inherited)";
				SWIFT_OPTIMIZATION_LEVEL = "-Onone";
			};
			name = Debug;
		};
		8680EF642AF9BB1600173531 /* Release */ = {
			isa = XCBuildConfiguration;
			buildSettings = {
				ALWAYS_SEARCH_USER_PATHS = NO;
				ASSETCATALOG_COMPILER_GENERATE_SWIFT_ASSET_SYMBOL_EXTENSIONS = YES;
				CLANG_ANALYZER_NONNULL = YES;
				CLANG_ANALYZER_NUMBER_OBJECT_CONVERSION = YES_AGGRESSIVE;
				CLANG_CXX_LANGUAGE_STANDARD = "gnu++20";
				CLANG_ENABLE_MODULES = YES;
				CLANG_ENABLE_OBJC_ARC = YES;
				CLANG_ENABLE_OBJC_WEAK = YES;
				CLANG_WARN_BLOCK_CAPTURE_AUTORELEASING = YES;
				CLANG_WARN_BOOL_CONVERSION = YES;
				CLANG_WARN_COMMA = YES;
				CLANG_WARN_CONSTANT_CONVERSION = YES;
				CLANG_WARN_DEPRECATED_OBJC_IMPLEMENTATIONS = YES;
				CLANG_WARN_DIRECT_OBJC_ISA_USAGE = YES_ERROR;
				CLANG_WARN_DOCUMENTATION_COMMENTS = YES;
				CLANG_WARN_EMPTY_BODY = YES;
				CLANG_WARN_ENUM_CONVERSION = YES;
				CLANG_WARN_INFINITE_RECURSION = YES;
				CLANG_WARN_INT_CONVERSION = YES;
				CLANG_WARN_NON_LITERAL_NULL_CONVERSION = YES;
				CLANG_WARN_OBJC_IMPLICIT_RETAIN_SELF = YES;
				CLANG_WARN_OBJC_LITERAL_CONVERSION = YES;
				CLANG_WARN_OBJC_ROOT_CLASS = YES_ERROR;
				CLANG_WARN_QUOTED_INCLUDE_IN_FRAMEWORK_HEADER = YES;
				CLANG_WARN_RANGE_LOOP_ANALYSIS = YES;
				CLANG_WARN_STRICT_PROTOTYPES = YES;
				CLANG_WARN_SUSPICIOUS_MOVE = YES;
				CLANG_WARN_UNGUARDED_AVAILABILITY = YES_AGGRESSIVE;
				CLANG_WARN_UNREACHABLE_CODE = YES;
				CLANG_WARN__DUPLICATE_METHOD_MATCH = YES;
				COPY_PHASE_STRIP = NO;
				DEBUG_INFORMATION_FORMAT = "dwarf-with-dsym";
				ENABLE_NS_ASSERTIONS = NO;
				ENABLE_STRICT_OBJC_MSGSEND = YES;
				ENABLE_USER_SCRIPT_SANDBOXING = YES;
				GCC_C_LANGUAGE_STANDARD = gnu17;
				GCC_NO_COMMON_BLOCKS = YES;
				GCC_WARN_64_TO_32_BIT_CONVERSION = YES;
				GCC_WARN_ABOUT_RETURN_TYPE = YES_ERROR;
				GCC_WARN_UNDECLARED_SELECTOR = YES;
				GCC_WARN_UNINITIALIZED_AUTOS = YES_AGGRESSIVE;
				GCC_WARN_UNUSED_FUNCTION = YES;
				GCC_WARN_UNUSED_VARIABLE = YES;
				IPHONEOS_DEPLOYMENT_TARGET = 17.0;
				LOCALIZATION_PREFERS_STRING_CATALOGS = YES;
				MTL_ENABLE_DEBUG_INFO = NO;
				MTL_FAST_MATH = YES;
				SDKROOT = iphoneos;
				SWIFT_COMPILATION_MODE = wholemodule;
				VALIDATE_PRODUCT = YES;
			};
			name = Release;
		};
		8680EF662AF9BB1600173531 /* Debug */ = {
			isa = XCBuildConfiguration;
			buildSettings = {
				ASSETCATALOG_COMPILER_APPICON_NAME = AppIcon;
				ASSETCATALOG_COMPILER_GLOBAL_ACCENT_COLOR_NAME = AccentColor;
				CODE_SIGN_STYLE = Automatic;
				CURRENT_PROJECT_VERSION = 1;
				DEVELOPMENT_ASSET_PATHS = "\"Pastry/Preview Content\"";
				DEVELOPMENT_TEAM = BNVK6F4V3P;
				ENABLE_PREVIEWS = YES;
				GENERATE_INFOPLIST_FILE = YES;
				INFOPLIST_KEY_UIApplicationSceneManifest_Generation = YES;
				INFOPLIST_KEY_UIApplicationSupportsIndirectInputEvents = YES;
				INFOPLIST_KEY_UILaunchScreen_Generation = YES;
				INFOPLIST_KEY_UISupportedInterfaceOrientations_iPad = "UIInterfaceOrientationPortrait UIInterfaceOrientationPortraitUpsideDown UIInterfaceOrientationLandscapeLeft UIInterfaceOrientationLandscapeRight";
				INFOPLIST_KEY_UISupportedInterfaceOrientations_iPhone = "UIInterfaceOrientationPortrait UIInterfaceOrientationLandscapeLeft UIInterfaceOrientationLandscapeRight";
				LD_RUNPATH_SEARCH_PATHS = (
					"$(inherited)",
					"@executable_path/Frameworks",
				);
				MARKETING_VERSION = 1.0;
				PRODUCT_BUNDLE_IDENTIFIER = com.erik.Pastry;
				PRODUCT_NAME = "$(TARGET_NAME)";
				SWIFT_EMIT_LOC_STRINGS = YES;
				SWIFT_VERSION = 5.0;
				TARGETED_DEVICE_FAMILY = "1,2";
			};
			name = Debug;
		};
		8680EF672AF9BB1600173531 /* Release */ = {
			isa = XCBuildConfiguration;
			buildSettings = {
				ASSETCATALOG_COMPILER_APPICON_NAME = AppIcon;
				ASSETCATALOG_COMPILER_GLOBAL_ACCENT_COLOR_NAME = AccentColor;
				CODE_SIGN_STYLE = Automatic;
				CURRENT_PROJECT_VERSION = 1;
				DEVELOPMENT_ASSET_PATHS = "\"Pastry/Preview Content\"";
				DEVELOPMENT_TEAM = BNVK6F4V3P;
				ENABLE_PREVIEWS = YES;
				GENERATE_INFOPLIST_FILE = YES;
				INFOPLIST_KEY_UIApplicationSceneManifest_Generation = YES;
				INFOPLIST_KEY_UIApplicationSupportsIndirectInputEvents = YES;
				INFOPLIST_KEY_UILaunchScreen_Generation = YES;
				INFOPLIST_KEY_UISupportedInterfaceOrientations_iPad = "UIInterfaceOrientationPortrait UIInterfaceOrientationPortraitUpsideDown UIInterfaceOrientationLandscapeLeft UIInterfaceOrientationLandscapeRight";
				INFOPLIST_KEY_UISupportedInterfaceOrientations_iPhone = "UIInterfaceOrientationPortrait UIInterfaceOrientationLandscapeLeft UIInterfaceOrientationLandscapeRight";
				LD_RUNPATH_SEARCH_PATHS = (
					"$(inherited)",
					"@executable_path/Frameworks",
				);
				MARKETING_VERSION = 1.0;
				PRODUCT_BUNDLE_IDENTIFIER = com.erik.Pastry;
				PRODUCT_NAME = "$(TARGET_NAME)";
				SWIFT_EMIT_LOC_STRINGS = YES;
				SWIFT_VERSION = 5.0;
				TARGETED_DEVICE_FAMILY = "1,2";
			};
			name = Release;
		};
		8680EF912AF9CAAF00173531 /* Debug */ = {
			isa = XCBuildConfiguration;
			buildSettings = {
				BUNDLE_LOADER = "$(TEST_HOST)";
				CODE_SIGN_STYLE = Automatic;
				CURRENT_PROJECT_VERSION = 1;
				DEVELOPMENT_TEAM = BNVK6F4V3P;
				GENERATE_INFOPLIST_FILE = YES;
				MARKETING_VERSION = 1.0;
				PRODUCT_BUNDLE_IDENTIFIER = com.erik.PastryTests;
				PRODUCT_NAME = "$(TARGET_NAME)";
				SWIFT_EMIT_LOC_STRINGS = NO;
				SWIFT_VERSION = 5.0;
				TARGETED_DEVICE_FAMILY = "1,2";
				TEST_HOST = "$(BUILT_PRODUCTS_DIR)/Pastry.app/$(BUNDLE_EXECUTABLE_FOLDER_PATH)/Pastry";
			};
			name = Debug;
		};
		8680EF922AF9CAAF00173531 /* Release */ = {
			isa = XCBuildConfiguration;
			buildSettings = {
				BUNDLE_LOADER = "$(TEST_HOST)";
				CODE_SIGN_STYLE = Automatic;
				CURRENT_PROJECT_VERSION = 1;
				DEVELOPMENT_TEAM = BNVK6F4V3P;
				GENERATE_INFOPLIST_FILE = YES;
				MARKETING_VERSION = 1.0;
				PRODUCT_BUNDLE_IDENTIFIER = com.erik.PastryTests;
				PRODUCT_NAME = "$(TARGET_NAME)";
				SWIFT_EMIT_LOC_STRINGS = NO;
				SWIFT_VERSION = 5.0;
				TARGETED_DEVICE_FAMILY = "1,2";
				TEST_HOST = "$(BUILT_PRODUCTS_DIR)/Pastry.app/$(BUNDLE_EXECUTABLE_FOLDER_PATH)/Pastry";
			};
			name = Release;
		};
/* End XCBuildConfiguration section */

/* Begin XCConfigurationList section */
		8680EF522AF9BB1500173531 /* Build configuration list for PBXProject "Pastry" */ = {
			isa = XCConfigurationList;
			buildConfigurations = (
				8680EF632AF9BB1600173531 /* Debug */,
				8680EF642AF9BB1600173531 /* Release */,
			);
			defaultConfigurationIsVisible = 0;
			defaultConfigurationName = Release;
		};
		8680EF652AF9BB1600173531 /* Build configuration list for PBXNativeTarget "Pastry" */ = {
			isa = XCConfigurationList;
			buildConfigurations = (
				8680EF662AF9BB1600173531 /* Debug */,
				8680EF672AF9BB1600173531 /* Release */,
			);
			defaultConfigurationIsVisible = 0;
			defaultConfigurationName = Release;
		};
		8680EF902AF9CAAF00173531 /* Build configuration list for PBXNativeTarget "PastryTests" */ = {
			isa = XCConfigurationList;
			buildConfigurations = (
				8680EF912AF9CAAF00173531 /* Debug */,
				8680EF922AF9CAAF00173531 /* Release */,
			);
			defaultConfigurationIsVisible = 0;
			defaultConfigurationName = Release;
		};
/* End XCConfigurationList section */
	};
	rootObject = 8680EF4F2AF9BB1500173531 /* Project object */;
}
